github.com/akavel/rsrc v0.10.2 h1:Zxm8V5eI1hW4gGaYsJQUhxpjkENuG91ki8B4zCrvEsw=
github.com/akavel/rsrc v0.10.2/go.mod h1:uLoCtb9J+EyAqh+26kdrTgmzRBFPGOolLWKpdxkKq+c=
github.com/coregx/signals v0.1.1 h1:YFDK5z35q2aSaJrVUEfuG31O5SpHqKyhadBnpUJrUko=
github.com/coregx/signals v0.1.1/go.mod h1:ZTFOeupJF6b73QmxLcDqbB0V2f0TWnCyVkQlA+gMIm4=
github.com/davecgh/go-spew v1.1.0 h1:ZDRjVQ15GmhC3fiQ8ni8+OwkZQO4DARzQgrnXU1Liz8=
github.com/davecgh/go-spew v1.1.0/go.mod h1:J7Y8YcW2NihsgmVo/mv3lAwl/skON4iLHjSsI+c5H38=
github.com/dchest/jsmin v1.0.0 h1:Y2hWXmGZiRxtl+VcTksyucgTlYxnhPzTozCwx9gy9zI=
github.com/dchest/jsmin v1.0.0/go.mod h1:AVBIund7Mr7lKXT70hKT2YgL3XEXUaUk5iw9DZ8b0Uc=
github.com/go-audio/audio v1.0.0 h1:zS9vebldgbQqktK4H0lUqWrG8P0NxCJVqcj7ZpNnwd4=
github.com/go-audio/audio v1.0.0/go.mod h1:6uAu0+H2lHkwdGsAY+j2wHPNPpPoeg5AaEFh9FlA+Zs=
github.com/go-audio/riff v1.0.0 h1:d8iCGbDvox9BfLagY94fBynxSPHO80LmZCaOsmKxokA=
github.com/go-audio/riff v1.0.0/go.mod h1:l3cQwc85y79NQFCRB7TiPoNiaijp6q8Z0Uv38rVG498=
github.com/go-audio/wav v1.1.0 h1:jQgLtbqBzY7G+BM8fXF7AHUk1uHUviWS4X39d5rsL2g=
github.com/go-audio/wav v1.1.0/go.mod h1:mpe9qfwbScEbkd8uybLuIpTgHyrISw/OTuvjUW2iGtE=
github.com/go-webgpu/goffi v0.6.3 h1:p4gKGikHBAQ/8iUiew9MV4C5M1ZGIsk8QGFGuJjMj+A=
github.com/go-webgpu/goffi v0.6.3/go.mod h1:wfoxNsJkU+5RFbV1kNN1kunhc1lFHuJKK3zpgx08/uM=
github.com/go-webgpu/webgpu v0.5.5 h1:pIrXzRg0LRlNjNmR+ZNo/ERN88YaObzbCY5oYhir5SA=
github.com/go-webgpu/webgpu v0.5.5/go.mod h1:vgIuNTa1UlZ4njCGY6Pmp/0c5T5o2Ml2fQ0znLc7B98=
github.com/gogpu/gg v0.52.3 h1:ID9lJOm0J1zlgpo/dPwgsGWBkXyXwZwlfKaCJOp4LBQ=
github.com/gogpu/gg v0.52.3/go.mod h1:2rjKl5sCJZEFmxq1sXEf+mYGEWYgCNKltg4aJEFGeCM=
github.com/gogpu/gogpu v0.53.0 h1:V+HMU+tJxw34LlfNzstUqXD9eXmyhrrBNmnrWxXR+o0=
github.com/gogpu/gogpu v0.53.0/go.mod h1:pUqsHA1Lo5qi4SNBYuJ1fyMqnwWMn3APHx6K63S3+mc=
github.com/gogpu/gpucontext v0.28.0 h1:W27+0PRnHLVRscDJ2L6r4B1JlaKjlV/EmL0Wxx8vGIc=
github.com/gogpu/gpucontext v0.28.0/go.mod h1:5rpKj+DpixgAFm8ArBXFXOZQRbeJSFncVMsqyyA9Rhc=
github.com/gogpu/gputypes v0.5.2 h1:3sbKI0+XW36Ekd3d4QhkbpdY7gbgMVgp8Q4+ZNdGhtE=
github.com/gogpu/gputypes v0.5.2/go.mod h1:cnXrDMwTpWTvJLW1Vreop3PcT6a2YP/i3s91rPaOavw=
github.com/gogpu/naga v0.18.0 h1:2y83HUcAnlwEZMuHOiYTMdNYM9J8rev40gkI4zJ96Uk=
github.com/gogpu/naga v0.18.0/go.mod h1:15sQaHKkbqXcwTN+hHYGLsA0WBBnkmYzne/eF5p5WEg=
github.com/gogpu/ui v0.1.54 h1:cZ54OlvyWQxCANWuQJp2fMk+DuRa7eVpvjiXZ1N6Fzs=
github.com/gogpu/ui v0.1.54/go.mod h1:FUJbZho6XeDp0xTuDuXFqcJgZ0nmyb4W5oCyF+24qBs=
github.com/gogpu/wgpu v0.31.4 h1:xSwVJuew9RyJsA9cjdw2plzCGyFjCcpq5MstCM+S1N0=
github.com/gogpu/wgpu v0.31.4/go.mod h1:r8z3uZOyjl95KXN1eyMxFnwwPMZ0yuBFrLFi8v37QGY=
github.com/hajimehoshi/go-mp3 v0.3.4 h1:NUP7pBYH8OguP4diaTZ9wJbUbk3tC0KlfzsEpWmYj68=
github.com/hajimehoshi/go-mp3 v0.3.4/go.mod h1:fRtZraRFcWb0pu7ok0LqyFhCUrPeMsGRSVop0eemFmo=
github.com/hajimehoshi/oto/v2 v2.3.1/go.mod h1:seWLbgHH7AyUMYKfKYT9pg7PhUu9/SisyJvNTT+ASQo=
github.com/icza/bitio v1.1.0 h1:ysX4vtldjdi3Ygai5m1cWy4oLkhWTAi+SyO6HC8L9T0=
github.com/icza/bitio v1.1.0/go.mod h1:0jGnlLAx8MKMr9VGnn/4YrvZiprkvBelsVIbA9Jjr9A=
github.com/icza/mighty v0.0.0-20180919140131-cfd07d671de6 h1:8UsGZ2rr2ksmEru6lToqnXgA8Mz1DP11X4zSJ159C3k=
github.com/icza/mighty v0.0.0-20180919140131-cfd07d671de6/go.mod h1:xQig96I1VNBDIWGCdTt54nHt6EeI639SmHycLYL7FkA=
github.com/josephspurrier/goversioninfo v1.7.0 h1:LQzXOlVm/CtbwJ9/UHl5a2HT0BjcLAwid5gqGd7ZUJ8=
github.com/josephspurrier/goversioninfo v1.7.0/go.mod h1:z9y0r2G6g5jwSJaFE0cxW9to0aeIibK7UYeLx53aQRU=
github.com/mewkiz/flac v1.0.14 h1:hyRGAM8NCKznoPmIi9zz2jyO+nfmxY2ErqBnHZ+gxh4=
github.com/mewkiz/flac v1.0.14/go.mod h1:HfPYDA+oxjyuqMu2V+cyKcxF51KM6incpw5eZXmfA6k=
github.com/mewkiz/pkg v0.0.0-20250417130911-3f050ff8c56d h1:IL2tii4jXLdhCeQN69HNzYYW1kl0meSG0wt5+sLwszU=
github.com/mewkiz/pkg v0.0.0-20250417130911-3f050ff8c56d/go.mod h1:SIpumAnUWSy0q9RzKD3pyH3g1t5vdawUAPcW5tQrUtI=
github.com/mewpkg/term v0.0.0-20241026122259-37a80af23985 h1:h8O1byDZ1uk6RUXMhj1QJU3VXFKXHDZxr4TXRPGeBa8=
github.com/mewpkg/term v0.0.0-20241026122259-37a80af23985/go.mod h1:uiPmbdUbdt1NkGApKl7htQjZ8S7XaGUAVulJUJ9v6q4=
github.com/ncruces/zenity v0.10.15 h1:UaHekkxwt7QjoZmMWtzhqSEtQT97/Cux6FDBWwfyuqk=
github.com/ncruces/zenity v0.10.15/go.mod h1:45d81tt+vF/UjBjlWE/vvE0oD0hWuHUQld4vPbA4VxE=
github.com/pmezard/go-difflib v1.0.0 h1:4DBwDE0NGyQoBHbLQYPwSUPoCMWR5BEzIk/f1lZbAQM=
github.com/pmezard/go-difflib v1.0.0/go.mod h1:iKH77koFhYxTK1pcRnkKkqfTogsbg7gZNVY4sRDYZ/4=
github.com/randall77/makefat v0.0.0-20260406194835-1b91746796b7 h1:m1yKMZwDSXkT5o2MKhd6ihdzb2dYb6eElNE04xjOSEY=
github.com/randall77/makefat v0.0.0-20260406194835-1b91746796b7/go.mod h1:T1TLSfyWVBRXVGzWd0o9BI4kfoO9InEgfQe4NV3mLz8=
github.com/stretchr/testify v1.6.1 h1:hDPOHmpOpP40lSULcqw7IrRb/u7w6RpDC9399XyoNd0=
github.com/stretchr/testify v1.6.1/go.mod h1:6Fq8oRcR53rry900zMqJjRRixrwX3KX962/h/Wwjteg=
go.uber.org/goleak v1.3.0 h1:2K3zAYmnTNqV73imy9J1T3WC+gmCePx2hEGkimedGto=
go.uber.org/goleak v1.3.0/go.mod h1:CoHD4mav9JJNrW/WLlf7HGZPjdw8EucARQHekz1X6bE=
golang.org/x/image v0.45.0 h1:FMb1nTbH5H9vF55SriQHgFw5GnNL9Jg6L25BwXKzhB0=
golang.org/x/image v0.45.0/go.mod h1:n62x/7RqlwXDvGsSU4u6IUTUf6KghUZ9Bt7cG/T9Fx4=
golang.org/x/sys v0.0.0-20220712014510-0a85c31ab51e/go.mod h1:oPkhp1MJrh7nUepCBck5+mAzfO9JrbApNNgaTdGDITg=
golang.org/x/sys v0.47.0 h1:o7XGOvZQCADBQQ4Y7VNq2dRWQR7JmOUW8Kxx4ZsNgWs=
golang.org/x/sys v0.47.0/go.mod h1:4GL1E5IUh+htKOUEOaiffhrAeqysfVGipDYzABqnCmw=
golang.org/x/text v0.41.0 h1:vz/seA0lnX87Othu2f/0L24RcgrXD9/YFTSuGjj3rH8=
golang.org/x/text v0.41.0/go.mod h1:jvf1O8ajNzZqhSrQBPbutR/EB83Cc0CFrezNQIwbb5M=
gopkg.in/yaml.v3 v3.0.1 h1:fxVm/GzAzEWqLHuvctI91KS9hhNmmWOoWu0XTYJS7CA=
gopkg.in/yaml.v3 v3.0.1/go.mod h1:K4uyk7z7BCEPqu6E+C64Yfv1cQ7kz7rIZviUmN+EgEM=
